
Microsoft Visual Studio Solution File, Format Version 12.00
# Visual Studio 15
VisualStudioVersion = 15.0.27703.2042
MinimumVisualStudioVersion = 10.0.40219.1
Project("{FAE04EC0-301F-11D3-BF4B-00C04F79EFBC}") = "WebServiceTemperateur", "WebServiceTemperateur\WebServiceTemperateur.csproj", "{CFF5B9E4-FAD3-42BB-B613-32D9C30490C9}"
EndProject
Project("{FAE04EC0-301F-11D3-BF4B-00C04F79EFBC}") = "clientTemprateur", "clientTemprateur\clientTemprateur.csproj", "{65438468-52D3-42EC-9494-318314C5DB97}"
	ProjectSection(ProjectDependencies) = postProject
		{CFF5B9E4-FAD3-42BB-B613-32D9C30490C9} = {CFF5B9E4-FAD3-42BB-B613-32D9C30490C9}
	EndProjectSection
EndProject
Global
	GlobalSection(SolutionConfigurationPlatforms) = preSolution
		Debug|Any CPU = Debug|Any CPU
		Release|Any CPU = Release|Any CPU
	EndGlobalSection
	GlobalSection(ProjectConfigurationPlatforms) = postSolution
		{CFF5B9E4-FAD3-42BB-B613-32D9C30490C9}.Debug|Any CPU.ActiveCfg = Debug|Any CPU
		{CFF5B9E4-FAD3-42BB-B613-32D9C30490C9}.Debug|Any CPU.Build.0 = Debug|Any CPU
		{CFF5B9E4-FAD3-42BB-B613-32D9C30490C9}.Release|Any CPU.ActiveCfg = Release|Any CPU
		{CFF5B9E4-FAD3-42BB-B613-32D9C30490C9}.Release|Any CPU.Build.0 = Release|Any CPU
		{65438468-52D3-42EC-9494-318314C5DB97}.Debug|Any CPU.ActiveCfg = Debug|Any CPU
		{65438468-52D3-42EC-9494-318314C5DB97}.Debug|Any CPU.Build.0 = Debug|Any CPU
		{65438468-52D3-42EC-9494-318314C5DB97}.Release|Any CPU.ActiveCfg = Release|Any CPU
		{65438468-52D3-42EC-9494-318314C5DB97}.Release|Any CPU.Build.0 = Release|Any CPU
	EndGlobalSection
	GlobalSection(SolutionProperties) = preSolution
		HideSolutionNode = FALSE
	EndGlobalSection
	GlobalSection(ExtensibilityGlobals) = postSolution
		SolutionGuid = {2BFA7486-9116-4488-8F09-92474DEC0A63}
	EndGlobalSection
EndGlobal
