
Microsoft Visual Studio Solution File, Format Version 12.00
# Visual Studio 15
VisualStudioVersion = 15.0.26430.14
MinimumVisualStudioVersion = 10.0.40219.1
Project("{FAE04EC0-301F-11D3-BF4B-00C04F79EFBC}") = "AdoMySql", "AdoEx2\AdoMySql.csproj", "{7D156284-1342-4BEA-AB60-7652A3727A00}"
EndProject
Project("{FAE04EC0-301F-11D3-BF4B-00C04F79EFBC}") = "AdoOracle", "AdoOracle\AdoOracle.csproj", "{1CB5BD9E-14AF-4910-B1F1-90151C8767E8}"
EndProject
Project("{FAE04EC0-301F-11D3-BF4B-00C04F79EFBC}") = "AdoSqlLite", "AdoSqlLite\AdoSqlLite.csproj", "{9A321E50-3254-439B-86A6-2AD36FD5F352}"
EndProject
Project("{FAE04EC0-301F-11D3-BF4B-00C04F79EFBC}") = "AdoSqlServeur", "AdoSqlServeur\AdoSqlServeur.csproj", "{C806298C-3380-4A70-9F9B-C32657DB5133}"
EndProject
Project("{FAE04EC0-301F-11D3-BF4B-00C04F79EFBC}") = "AdoDataGrid", "AdoDataGrid\AdoDataGrid.csproj", "{D750DB55-6A80-4EA2-B2FA-3E240722E805}"
EndProject
Project("{FAE04EC0-301F-11D3-BF4B-00C04F79EFBC}") = "AdoMySqlDeconnecte", "AdoMySqlDeconnecte\AdoMySqlDeconnecte.csproj", "{6E98C683-7641-4EA3-B9A0-F25CE65D4EBA}"
EndProject
Project("{FAE04EC0-301F-11D3-BF4B-00C04F79EFBC}") = "AdoSqlDeconecterMan2", "AdoSqlDeconecterMan2\AdoSqlDeconecterMan2.csproj", "{13907622-F80C-46AA-B69B-B6C28E6C56C5}"
EndProject
Project("{FAE04EC0-301F-11D3-BF4B-00C04F79EFBC}") = "AdoSqlDeconnecte_Man3", "AdoSqlDeconnecte_Man3\AdoSqlDeconnecte_Man3.csproj", "{4E19D36F-3BFE-4649-BBB8-E156F9C8D137}"
EndProject
Project("{FAE04EC0-301F-11D3-BF4B-00C04F79EFBC}") = "AdoSQlDeconnecteGraphique", "AdoSQlDeconnecteGraphique\AdoSQlDeconnecteGraphique.csproj", "{A9E3C9A7-523B-4C21-B1F4-C66C196928D2}"
EndProject
Global
	GlobalSection(SolutionConfigurationPlatforms) = preSolution
		Debug|Any CPU = Debug|Any CPU
		Release|Any CPU = Release|Any CPU
	EndGlobalSection
	GlobalSection(ProjectConfigurationPlatforms) = postSolution
		{7D156284-1342-4BEA-AB60-7652A3727A00}.Debug|Any CPU.ActiveCfg = Debug|Any CPU
		{7D156284-1342-4BEA-AB60-7652A3727A00}.Debug|Any CPU.Build.0 = Debug|Any CPU
		{7D156284-1342-4BEA-AB60-7652A3727A00}.Release|Any CPU.ActiveCfg = Release|Any CPU
		{7D156284-1342-4BEA-AB60-7652A3727A00}.Release|Any CPU.Build.0 = Release|Any CPU
		{1CB5BD9E-14AF-4910-B1F1-90151C8767E8}.Debug|Any CPU.ActiveCfg = Debug|Any CPU
		{1CB5BD9E-14AF-4910-B1F1-90151C8767E8}.Debug|Any CPU.Build.0 = Debug|Any CPU
		{1CB5BD9E-14AF-4910-B1F1-90151C8767E8}.Release|Any CPU.ActiveCfg = Release|Any CPU
		{1CB5BD9E-14AF-4910-B1F1-90151C8767E8}.Release|Any CPU.Build.0 = Release|Any CPU
		{9A321E50-3254-439B-86A6-2AD36FD5F352}.Debug|Any CPU.ActiveCfg = Debug|Any CPU
		{9A321E50-3254-439B-86A6-2AD36FD5F352}.Debug|Any CPU.Build.0 = Debug|Any CPU
		{9A321E50-3254-439B-86A6-2AD36FD5F352}.Release|Any CPU.ActiveCfg = Release|Any CPU
		{9A321E50-3254-439B-86A6-2AD36FD5F352}.Release|Any CPU.Build.0 = Release|Any CPU
		{C806298C-3380-4A70-9F9B-C32657DB5133}.Debug|Any CPU.ActiveCfg = Debug|Any CPU
		{C806298C-3380-4A70-9F9B-C32657DB5133}.Debug|Any CPU.Build.0 = Debug|Any CPU
		{C806298C-3380-4A70-9F9B-C32657DB5133}.Release|Any CPU.ActiveCfg = Release|Any CPU
		{C806298C-3380-4A70-9F9B-C32657DB5133}.Release|Any CPU.Build.0 = Release|Any CPU
		{D750DB55-6A80-4EA2-B2FA-3E240722E805}.Debug|Any CPU.ActiveCfg = Debug|Any CPU
		{D750DB55-6A80-4EA2-B2FA-3E240722E805}.Debug|Any CPU.Build.0 = Debug|Any CPU
		{D750DB55-6A80-4EA2-B2FA-3E240722E805}.Release|Any CPU.ActiveCfg = Release|Any CPU
		{D750DB55-6A80-4EA2-B2FA-3E240722E805}.Release|Any CPU.Build.0 = Release|Any CPU
		{6E98C683-7641-4EA3-B9A0-F25CE65D4EBA}.Debug|Any CPU.ActiveCfg = Debug|Any CPU
		{6E98C683-7641-4EA3-B9A0-F25CE65D4EBA}.Debug|Any CPU.Build.0 = Debug|Any CPU
		{6E98C683-7641-4EA3-B9A0-F25CE65D4EBA}.Release|Any CPU.ActiveCfg = Release|Any CPU
		{6E98C683-7641-4EA3-B9A0-F25CE65D4EBA}.Release|Any CPU.Build.0 = Release|Any CPU
		{13907622-F80C-46AA-B69B-B6C28E6C56C5}.Debug|Any CPU.ActiveCfg = Debug|Any CPU
		{13907622-F80C-46AA-B69B-B6C28E6C56C5}.Debug|Any CPU.Build.0 = Debug|Any CPU
		{13907622-F80C-46AA-B69B-B6C28E6C56C5}.Release|Any CPU.ActiveCfg = Release|Any CPU
		{13907622-F80C-46AA-B69B-B6C28E6C56C5}.Release|Any CPU.Build.0 = Release|Any CPU
		{4E19D36F-3BFE-4649-BBB8-E156F9C8D137}.Debug|Any CPU.ActiveCfg = Debug|Any CPU
		{4E19D36F-3BFE-4649-BBB8-E156F9C8D137}.Debug|Any CPU.Build.0 = Debug|Any CPU
		{4E19D36F-3BFE-4649-BBB8-E156F9C8D137}.Release|Any CPU.ActiveCfg = Release|Any CPU
		{4E19D36F-3BFE-4649-BBB8-E156F9C8D137}.Release|Any CPU.Build.0 = Release|Any CPU
		{A9E3C9A7-523B-4C21-B1F4-C66C196928D2}.Debug|Any CPU.ActiveCfg = Debug|Any CPU
		{A9E3C9A7-523B-4C21-B1F4-C66C196928D2}.Debug|Any CPU.Build.0 = Debug|Any CPU
		{A9E3C9A7-523B-4C21-B1F4-C66C196928D2}.Release|Any CPU.ActiveCfg = Release|Any CPU
		{A9E3C9A7-523B-4C21-B1F4-C66C196928D2}.Release|Any CPU.Build.0 = Release|Any CPU
	EndGlobalSection
	GlobalSection(SolutionProperties) = preSolution
		HideSolutionNode = FALSE
	EndGlobalSection
EndGlobal
