
Microsoft Visual Studio Solution File, Format Version 12.00
# Visual Studio 15
VisualStudioVersion = 15.0.26430.14
MinimumVisualStudioVersion = 10.0.40219.1
Project("{FAE04EC0-301F-11D3-BF4B-00C04F79EFBC}") = "MyWCFService", "MyWCFService\MyWCFService.csproj", "{44D81EC5-1162-4A61-A262-50C68CB7740E}"
EndProject
Project("{FAE04EC0-301F-11D3-BF4B-00C04F79EFBC}") = "WCFClient", "WCFClient\WCFClient.csproj", "{AB129ABB-160F-435D-8EC4-33D402F18CE5}"
	ProjectSection(ProjectDependencies) = postProject
		{44D81EC5-1162-4A61-A262-50C68CB7740E} = {44D81EC5-1162-4A61-A262-50C68CB7740E}
	EndProjectSection
EndProject
Project("{FAE04EC0-301F-11D3-BF4B-00C04F79EFBC}") = "WCFClientConsole", "WCFClientConsole\WCFClientConsole.csproj", "{9B2AFEEE-CB3A-40EA-AD96-F4C0DAF3D6BF}"
	ProjectSection(ProjectDependencies) = postProject
		{44D81EC5-1162-4A61-A262-50C68CB7740E} = {44D81EC5-1162-4A61-A262-50C68CB7740E}
	EndProjectSection
EndProject
Global
	GlobalSection(SolutionConfigurationPlatforms) = preSolution
		Debug|Any CPU = Debug|Any CPU
		Release|Any CPU = Release|Any CPU
	EndGlobalSection
	GlobalSection(ProjectConfigurationPlatforms) = postSolution
		{44D81EC5-1162-4A61-A262-50C68CB7740E}.Debug|Any CPU.ActiveCfg = Debug|Any CPU
		{44D81EC5-1162-4A61-A262-50C68CB7740E}.Debug|Any CPU.Build.0 = Debug|Any CPU
		{44D81EC5-1162-4A61-A262-50C68CB7740E}.Release|Any CPU.ActiveCfg = Release|Any CPU
		{44D81EC5-1162-4A61-A262-50C68CB7740E}.Release|Any CPU.Build.0 = Release|Any CPU
		{AB129ABB-160F-435D-8EC4-33D402F18CE5}.Debug|Any CPU.ActiveCfg = Debug|Any CPU
		{AB129ABB-160F-435D-8EC4-33D402F18CE5}.Debug|Any CPU.Build.0 = Debug|Any CPU
		{AB129ABB-160F-435D-8EC4-33D402F18CE5}.Release|Any CPU.ActiveCfg = Release|Any CPU
		{AB129ABB-160F-435D-8EC4-33D402F18CE5}.Release|Any CPU.Build.0 = Release|Any CPU
		{9B2AFEEE-CB3A-40EA-AD96-F4C0DAF3D6BF}.Debug|Any CPU.ActiveCfg = Debug|Any CPU
		{9B2AFEEE-CB3A-40EA-AD96-F4C0DAF3D6BF}.Debug|Any CPU.Build.0 = Debug|Any CPU
		{9B2AFEEE-CB3A-40EA-AD96-F4C0DAF3D6BF}.Release|Any CPU.ActiveCfg = Release|Any CPU
		{9B2AFEEE-CB3A-40EA-AD96-F4C0DAF3D6BF}.Release|Any CPU.Build.0 = Release|Any CPU
	EndGlobalSection
	GlobalSection(SolutionProperties) = preSolution
		HideSolutionNode = FALSE
	EndGlobalSection
	GlobalSection(ExtensibilityGlobals) = postSolution
		SolutionGuid = {ACAD7F8F-D846-4A7D-A71F-601D4B6A1169}
	EndGlobalSection
EndGlobal
