
Microsoft Visual Studio Solution File, Format Version 12.00
# Visual Studio 14
VisualStudioVersion = 14.0.25420.1
MinimumVisualStudioVersion = 10.0.40219.1
Project("{FAE04EC0-301F-11D3-BF4B-00C04F79EFBC}") = "boutonuser-control", "boutonuser-control\boutonuser-control.csproj", "{38421608-24CC-4339-A696-0B109FF9EDD9}"
EndProject
Project("{FAE04EC0-301F-11D3-BF4B-00C04F79EFBC}") = "TestButton", "TestButton\TestButton.csproj", "{1A32A528-4014-465F-94CB-5517E650A922}"
EndProject
Global
	GlobalSection(SolutionConfigurationPlatforms) = preSolution
		Debug|Any CPU = Debug|Any CPU
		Release|Any CPU = Release|Any CPU
	EndGlobalSection
	GlobalSection(ProjectConfigurationPlatforms) = postSolution
		{38421608-24CC-4339-A696-0B109FF9EDD9}.Debug|Any CPU.ActiveCfg = Debug|Any CPU
		{38421608-24CC-4339-A696-0B109FF9EDD9}.Debug|Any CPU.Build.0 = Debug|Any CPU
		{38421608-24CC-4339-A696-0B109FF9EDD9}.Release|Any CPU.ActiveCfg = Release|Any CPU
		{38421608-24CC-4339-A696-0B109FF9EDD9}.Release|Any CPU.Build.0 = Release|Any CPU
		{1A32A528-4014-465F-94CB-5517E650A922}.Debug|Any CPU.ActiveCfg = Debug|Any CPU
		{1A32A528-4014-465F-94CB-5517E650A922}.Debug|Any CPU.Build.0 = Debug|Any CPU
		{1A32A528-4014-465F-94CB-5517E650A922}.Release|Any CPU.ActiveCfg = Release|Any CPU
		{1A32A528-4014-465F-94CB-5517E650A922}.Release|Any CPU.Build.0 = Release|Any CPU
	EndGlobalSection
	GlobalSection(SolutionProperties) = preSolution
		HideSolutionNode = FALSE
	EndGlobalSection
EndGlobal
